version = 1
revision = 3
requires-python = ">=3.10"

[[package]]
name = "avoid-name-collision-with-submod"
version = "0.1"
source = { editable = "." }

[package.dev-dependencies]
dev = [
    { name = "pyrefly" },
    { name = "pyright" },
    { name = "ty" },
]

[package.metadata]

[package.metadata.requires-dev]
dev = [
    { name = "pyrefly", specifier = ">=0.50.1" },
    { name = "pyright", specifier = ">=1.1.400" },
    { name = "ty", specifier = ">=0.0.7" },
]

[[package]]
name = "nodeenv"
version = "1.10.0"
source = { registry = "https://pypi.org/simple" }
sdist = { url = "https://files.pythonhosted.org/packages/24/bf/d1bda4f6168e0b2e9e5958945e01910052158313224ada5ce1fb2e1113b8/nodeenv-1.10.0.tar.gz", hash = "sha256:996c191ad80897d076bdfba80a41994c2b47c68e224c542b48feba42ba00f8bb", size = 55611, upload-time = "2025-12-20T14:08:54.006Z" }
wheels = [
    { url = "https://files.pythonhosted.org/packages/88/b2/d0896bdcdc8d28a7fc5717c305f1a861c26e18c05047949fb371034d98bd/nodeenv-1.10.0-py2.py3-none-any.whl", hash = "sha256:5bb13e3eed2923615535339b3c620e76779af4cb4c6a90deccc9e36b274d3827", size = 23438, upload-time = "2025-12-20T14:08:52.782Z" },
]

[[package]]
name = "pyrefly"
version = "0.62.0"
source = { registry = "https://pypi.org/simple" }
sdist = { url = "https://files.pythonhosted.org/packages/bb/ad/8874ed25781e7dd561c6d75fb4a7becf10a18d75b074f25b845cc334f781/pyrefly-0.62.0.tar.gz", hash = "sha256:da1fbe1075dc1e6c8e3134e9370b0a0e7a296061d782cca5bf83dbb8e4c10d7c", size = 5537672, upload-time = "2026-04-20T17:12:15.718Z" }
wheels = [
    { url = "https://files.pythonhosted.org/packages/1b/ea/09bd9da7d5df294db800312fb415be2fefbaa5594178e9e49f44fa071aea/pyrefly-0.62.0-py3-none-macosx_10_12_x86_64.whl", hash = "sha256:9d78ec4f126dee1fa76215b193b964490ce10e62a32d2787a72c51623658b803", size = 13020414, upload-time = "2026-04-20T17:11:43.617Z" },
    { url = "https://files.pythonhosted.org/packages/4b/f0/f84afac4f220c4c8c801b779ee2ff28ad3f7731f4283c2e1b6ee9012e8c2/pyrefly-0.62.0-py3-none-macosx_11_0_arm64.whl", hash = "sha256:2a41a34902d20756264486f9e309f22633d100261bd960feea6e858a098d985d", size = 12515659, upload-time = "2026-04-20T17:11:46.59Z" },
    { url = "https://files.pythonhosted.org/packages/40/0b/620c39cefa9ae1b25ee7a2da9d8d3c278b095649cb8435c5e01ea64f7c17/pyrefly-0.62.0-py3-none-manylinux_2_17_aarch64.manylinux2014_aarch64.whl", hash = "sha256:4666c6b65aea662e5f77b64dc91c091b7ea5cede6aa66c0f4cbae26480403583", size = 36228332, upload-time = "2026-04-20T17:11:50.523Z" },
    { url = "https://files.pythonhosted.org/packages/2d/fb/47b8b76438c12761e509a3666cd5a99d4af7f21976ba8385feb475cbfe30/pyrefly-0.62.0-py3-none-manylinux_2_17_i686.manylinux2014_i686.whl", hash = "sha256:1aefab798f47d37c13ded791192fee9b39a6d2b12e31f38ae06a1f80c4b26e22", size = 38995741, upload-time = "2026-04-20T17:11:54.702Z" },
    { url = "https://files.pythonhosted.org/packages/55/d2/03bd17673f61147cd5609cd7d6a1455eeccc17a07a7e141ed9931b0c42c0/pyrefly-0.62.0-py3-none-manylinux_2_17_ppc64le.manylinux2014_ppc64le.whl", hash = "sha256:8fa986b50d56740da1d7ae7c660a505143cb9d286fa98cc7e5f4a759cc6eaa5d", size = 37205321, upload-time = "2026-04-20T17:11:58.9Z" },
    { url = "https://files.pythonhosted.org/packages/75/14/20ba7b7f2d182f9b7c1e24a3041dac9b5730ae28cfe1614a2c98706650f2/pyrefly-0.62.0-py3-none-manylinux_2_17_x86_64.manylinux2014_x86_64.whl", hash = "sha256:32e9b175805c82ffb967e4708f4910bace7e1a12736907380cc9afdbaabb0efb", size = 41786834, upload-time = "2026-04-20T17:12:03.221Z" },
    { url = "https://files.pythonhosted.org/packages/fa/c8/5a7ba88c4fa1b5090d877f70fa1b742b921b9e7d8d3f4b6b9b1ba1820850/pyrefly-0.62.0-py3-none-win32.whl", hash = "sha256:1cd98edc20cab5bac8016c9220ee66080e39bd22e7f0e9bb3e2c4e2be1555eed", size = 12010170, upload-time = "2026-04-20T17:12:06.791Z" },
    { url = "https://files.pythonhosted.org/packages/2e/78/d8f810de010ff2ed594c630c724fd817ef430963249e9eb396ce8f785e9d/pyrefly-0.62.0-py3-none-win_amd64.whl", hash = "sha256:6994f8ee7d6720325ee52207fbdaca98a799a1efe462bb5ba90c47160f7f3e6e", size = 12861816, upload-time = "2026-04-20T17:12:09.689Z" },
    { url = "https://files.pythonhosted.org/packages/c7/a9/ac824ef6a3f50b7c0ec5974471f8f2cb205cd1edd53a5abbcf7ba37feb5d/pyrefly-0.62.0-py3-none-win_arm64.whl", hash = "sha256:362a5d47a5ac5aaa5258091e878a1759ff8b687d8cf462af1c516144f7b0108a", size = 12352977, upload-time = "2026-04-20T17:12:12.736Z" },
]

[[package]]
name = "pyright"
version = "1.1.409"
source = { registry = "https://pypi.org/simple" }
dependencies = [
    { name = "nodeenv" },
    { name = "typing-extensions" },
]
sdist = { url = "https://files.pythonhosted.org/packages/51/4e/3aa27f74211522dba7e9cbc3e74de779c6d4b654c54e50a4840623be8014/pyright-1.1.409.tar.gz", hash = "sha256:986ee05beca9e077c165758ad123667c679e050059a2546aa02473930394bc93", size = 4430434, upload-time = "2026-04-23T11:02:03.799Z" }
wheels = [
    { url = "https://files.pythonhosted.org/packages/16/6b/330d8ebae582b30c2959a1ef4c3bc344ebde48c2ff0c3f113c4710735e11/pyright-1.1.409-py3-none-any.whl", hash = "sha256:aa3ea228cab90c845c7a60d28db7a844c04315356392aa09fafcee98c8c22fb3", size = 6438161, upload-time = "2026-04-23T11:02:01.309Z" },
]

[[package]]
name = "ty"
version = "0.0.32"
source = { registry = "https://pypi.org/simple" }
sdist = { url = "https://files.pythonhosted.org/packages/85/7e/2aa791c9ae7b8cd5024cd4122e92267f664ca954cea3def3211919fa3c1f/ty-0.0.32.tar.gz", hash = "sha256:8743174c5f920f6700a4a0c9de140109189192ba16226884cd50095b43b8a45c", size = 5522294, upload-time = "2026-04-20T19:29:01.626Z" }
wheels = [
    { url = "https://files.pythonhosted.org/packages/62/eb/1075dc6a49d7acbe2584ae4d5b410c41b1f177a5adcc567e09eca4c69000/ty-0.0.32-py3-none-linux_armv6l.whl", hash = "sha256:dacbc2f6cd698d488ae7436838ff929570455bf94bfa4d9fe57a630c552aff83", size = 10902959, upload-time = "2026-04-20T19:28:31.907Z" },
    { url = "https://files.pythonhosted.org/packages/33/d2/c35fc8bc66e98d1ee9b0f8ed319bf743e450e1f1e997574b178fab75670f/ty-0.0.32-py3-none-macosx_10_12_x86_64.whl", hash = "sha256:914bbc4f605ce2a9e2a78982e28fae1d3359a169d141f9dc3b4c7749cd5eca81", size = 10726172, upload-time = "2026-04-20T19:28:44.765Z" },
    { url = "https://files.pythonhosted.org/packages/96/32/c827da3ca480456fb02d8cea68a2609273b6c220fea0be9a4c8d8470b86e/ty-0.0.32-py3-none-macosx_11_0_arm64.whl", hash = "sha256:4787ac9fe1f86b1f3133f5c6732adbe2df5668b50c679ac6e2d98cd284da812f", size = 10163701, upload-time = "2026-04-20T19:28:27.005Z" },
    { url = "https://files.pythonhosted.org/packages/ba/9e/2734478fbdb90c160cb2813a3916a16a2af5c1e231f87d635f6131d781fb/ty-0.0.32-py3-none-manylinux_2_17_aarch64.manylinux2014_aarch64.whl", hash = "sha256:d8ea0a728af99fe40dd744cba6441a2404f80b7f4bde17aa6da393810af5ea57", size = 10656220, upload-time = "2026-04-20T19:29:03.814Z" },
    { url = "https://files.pythonhosted.org/packages/44/9f/0007da2d35e424debe7e9f86ffbc1ab7f60983cfbc5f0411324ab2de5292/ty-0.0.32-py3-none-manylinux_2_17_armv7l.manylinux2014_armv7l.whl", hash = "sha256:2850561f9b018ae33d7e5bbfa0ac414d3c518513edcffe43877dc9801446b9c5", size = 10696086, upload-time = "2026-04-20T19:28:46.829Z" },
    { url = "https://files.pythonhosted.org/packages/3b/5e/ce5fd4ec803222ae3e69a76d2a2db2eed55e19f5b131702b9789ef45f93d/ty-0.0.32-py3-none-manylinux_2_17_i686.manylinux2014_i686.whl", hash = "sha256:b5fa2fb3c614349ee211d36476b49d88c5ef79a687cdb91b2872ad023b94d2f8", size = 11184800, upload-time = "2026-04-20T19:28:42.57Z" },
    { url = "https://files.pythonhosted.org/packages/6c/46/ebcf67a5999421331214aac51a7464db42de2be15bbe929c612a3ed0b039/ty-0.0.32-py3-none-manylinux_2_17_ppc64le.manylinux2014_ppc64le.whl", hash = "sha256:2b89969307ab2417d41c9be8059dd79feea577234e1e10d35132f5495e0d42c6", size = 11718718, upload-time = "2026-04-20T19:28:36.433Z" },
    { url = "https://files.pythonhosted.org/packages/18/2c/2141c86ed0ce0962b45cefb658a95e734f59759d47f20afdcd9c732910a1/ty-0.0.32-py3-none-manylinux_2_17_s390x.manylinux2014_s390x.whl", hash = "sha256:9b59868ede9b1d69a088f0d695df52a0061f95fa7baa1d5e0dc6fc9cf06e1334", size = 11346369, upload-time = "2026-04-20T19:28:48.967Z" },
    { url = "https://files.pythonhosted.org/packages/7a/da/ed6f772339cf29bd9a46def9d6db5084689eb574ee4d150ff704224c1ed8/ty-0.0.32-py3-none-manylinux_2_17_x86_64.manylinux2014_x86_64.whl", hash = "sha256:8300caf35345498e9b9b03e550bba03cee8f5f5f8ab4c83c3b1ff1b7403b7d3a", size = 11280714, upload-time = "2026-04-20T19:28:51.516Z" },
    { url = "https://files.pythonhosted.org/packages/da/9b/c6813987edf4816a40e0c8e408b555f97d3f267c7b3a1688c8bbdf65609c/ty-0.0.32-py3-none-musllinux_1_2_aarch64.whl", hash = "sha256:583c7094f4574b02f724db924f98b804d1387a0bd9405ecb5e078cc0f47fbcfb", size = 10638806, upload-time = "2026-04-20T19:28:29.651Z" },
    { url = "https://files.pythonhosted.org/packages/4e/d4/0cefcbd2ad0f3d51762ccf58e652ec7da146eb6ae34f87228f6254bbb8be/ty-0.0.32-py3-none-musllinux_1_2_armv7l.whl", hash = "sha256:e44ebe1bb4143a5628bc4db67ac0dfebe14594af671e4ee66f6f2e983da56501", size = 10726106, upload-time = "2026-04-20T19:29:06.3Z" },
    { url = "https://files.pythonhosted.org/packages/32/ad/2c8a97f91f06311f4367400f7d13534bbda2522c73c99a3e4c0757dff9b8/ty-0.0.32-py3-none-musllinux_1_2_i686.whl", hash = "sha256:06f17ada3e069cba6148342ef88e9929156beca8473e8d4f101b68f66c75643e", size = 10872951, upload-time = "2026-04-20T19:28:34.077Z" },
    { url = "https://files.pythonhosted.org/packages/ba/68/42293f9248106dd51875120971a5cc6ea315c2c4dcfb8e59aa063aa0af26/ty-0.0.32-py3-none-musllinux_1_2_x86_64.whl", hash = "sha256:e96e60fa556cec04f15d7ea62d2ceee5982bd389233e961ab9fd42304e278175", size = 11363334, upload-time = "2026-04-20T19:28:54.036Z" },
    { url = "https://files.pythonhosted.org/packages/df/92/be9abf4d3e589ad5023e2ea965b93e204ec856420d46adf73c5c36c04678/ty-0.0.32-py3-none-win32.whl", hash = "sha256:2ff2ebb4986b24aebcf1444db7db5ca41b36086040e95eea9f8fb851c11e805c", size = 10260689, upload-time = "2026-04-20T19:28:56.541Z" },
    { url = "https://files.pythonhosted.org/packages/14/61/dc86acea899349d2579cb8419aecedd83dc504d7d6a10df65eef546c8300/ty-0.0.32-py3-none-win_amd64.whl", hash = "sha256:ba7284a4a954b598c1b31500352b3ec1f89bff533825592b5958848226fdc7ee", size = 11255371, upload-time = "2026-04-20T19:28:39.917Z" },
    { url = "https://files.pythonhosted.org/packages/43/01/beffec56d71ca25b343ede63adb076456b5b3e211f1c066452a44cd120b3/ty-0.0.32-py3-none-win_arm64.whl", hash = "sha256:7e10aadbdbda989a7d567ee6a37f8b98d4d542e31e3b190a2879fd581f75d658", size = 10658087, upload-time = "2026-04-20T19:28:59.286Z" },
]

[[package]]
name = "typing-extensions"
version = "4.15.0"
source = { registry = "https://pypi.org/simple" }
sdist = { url = "https://files.pythonhosted.org/packages/72/94/1a15dd82efb362ac84269196e94cf00f187f7ed21c242792a923cdb1c61f/typing_extensions-4.15.0.tar.gz", hash = "sha256:0cea48d173cc12fa28ecabc3b837ea3cf6f38c6d1136f85cbaaf598984861466", size = 109391, upload-time = "2025-08-25T13:49:26.313Z" }
wheels = [
    { url = "https://files.pythonhosted.org/packages/18/67/36e9267722cc04a6b9f15c7f3441c2363321a3ea07da7ae0c0707beb2a9c/typing_extensions-4.15.0-py3-none-any.whl", hash = "sha256:f0fa19c6845758ab08074a0cfa8b7aecb71c999ca73d62883bc25cc018c4e548", size = 44614, upload-time = "2025-08-25T13:49:24.86Z" },
]
