version = 1
revision = 3
requires-python = ">=3.12"
resolution-markers = [
    "python_full_version >= '3.15'",
    "python_full_version < '3.15'",
]

[[package]]
name = "librt"
version = "0.9.0"
source = { registry = "https://pypi.org/simple" }
sdist = { url = "https://files.pythonhosted.org/packages/eb/6b/3d5c13fb3e3c4f43206c8f9dfed13778c2ed4f000bacaa0b7ce3c402a265/librt-0.9.0.tar.gz", hash = "sha256:a0951822531e7aee6e0dfb556b30d5ee36bbe234faf60c20a16c01be3530869d", size = 184368, upload-time = "2026-04-09T16:06:26.173Z" }
wheels = [
    { url = "https://files.pythonhosted.org/packages/bf/90/89ddba8e1c20b0922783cd93ed8e64f34dc05ab59c38a9c7e313632e20ff/librt-0.9.0-cp312-cp312-macosx_10_13_x86_64.whl", hash = "sha256:9b3e3bc363f71bda1639a4ee593cb78f7fbfeacc73411ec0d4c92f00730010a4", size = 68332, upload-time = "2026-04-09T16:05:00.09Z" },
    { url = "https://files.pythonhosted.org/packages/a8/40/7aa4da1fb08bdeeb540cb07bfc8207cb32c5c41642f2594dbd0098a0662d/librt-0.9.0-cp312-cp312-macosx_11_0_arm64.whl", hash = "sha256:0a09c2f5869649101738653a9b7ab70cf045a1105ac66cbb8f4055e61df78f2d", size = 70581, upload-time = "2026-04-09T16:05:01.213Z" },
    { url = "https://files.pythonhosted.org/packages/48/ac/73a2187e1031041e93b7e3a25aae37aa6f13b838c550f7e0f06f66766212/librt-0.9.0-cp312-cp312-manylinux1_i686.manylinux_2_28_i686.manylinux_2_5_i686.whl", hash = "sha256:5ca8e133d799c948db2ab1afc081c333a825b5540475164726dcbf73537e5c2f", size = 203984, upload-time = "2026-04-09T16:05:02.542Z" },
    { url = "https://files.pythonhosted.org/packages/5e/3d/23460d571e9cbddb405b017681df04c142fb1b04cbfce77c54b08e28b108/librt-0.9.0-cp312-cp312-manylinux2014_aarch64.manylinux_2_17_aarch64.manylinux_2_28_aarch64.whl", hash = "sha256:603138ee838ee1583f1b960b62d5d0007845c5c423feb68e44648b1359014e27", size = 215762, upload-time = "2026-04-09T16:05:04.127Z" },
    { url = "https://files.pythonhosted.org/packages/de/1e/42dc7f8ab63e65b20640d058e63e97fd3e482c1edbda3570d813b4d0b927/librt-0.9.0-cp312-cp312-manylinux2014_x86_64.manylinux_2_17_x86_64.manylinux_2_28_x86_64.whl", hash = "sha256:f4003f70c56a5addd6aa0897f200dd59afd3bf7bcd5b3cce46dd21f925743bc2", size = 230288, upload-time = "2026-04-09T16:05:05.883Z" },
    { url = "https://files.pythonhosted.org/packages/dc/08/ca812b6d8259ad9ece703397f8ad5c03af5b5fedfce64279693d3ce4087c/librt-0.9.0-cp312-cp312-manylinux_2_31_riscv64.manylinux_2_39_riscv64.whl", hash = "sha256:78042f6facfd98ecb25e9829c7e37cce23363d9d7c83bc5f72702c5059eb082b", size = 224103, upload-time = "2026-04-09T16:05:07.148Z" },
    { url = "https://files.pythonhosted.org/packages/b6/3f/620490fb2fa66ffd44e7f900254bc110ebec8dac6c1b7514d64662570e6f/librt-0.9.0-cp312-cp312-musllinux_1_2_aarch64.whl", hash = "sha256:a361c9434a64d70a7dbb771d1de302c0cc9f13c0bffe1cf7e642152814b35265", size = 232122, upload-time = "2026-04-09T16:05:08.386Z" },
    { url = "https://files.pythonhosted.org/packages/e9/83/12864700a1b6a8be458cf5d05db209b0d8e94ae281e7ec261dbe616597b4/librt-0.9.0-cp312-cp312-musllinux_1_2_i686.whl", hash = "sha256:dd2c7e082b0b92e1baa4da28163a808672485617bc855cc22a2fd06978fa9084", size = 225045, upload-time = "2026-04-09T16:05:09.707Z" },
    { url = "https://files.pythonhosted.org/packages/fd/1b/845d339c29dc7dbc87a2e992a1ba8d28d25d0e0372f9a0a2ecebde298186/librt-0.9.0-cp312-cp312-musllinux_1_2_riscv64.whl", hash = "sha256:7e6274fd33fc5b2a14d41c9119629d3ff395849d8bcbc80cf637d9e8d2034da8", size = 227372, upload-time = "2026-04-09T16:05:10.942Z" },
    { url = "https://files.pythonhosted.org/packages/8d/fe/277985610269d926a64c606f761d58d3db67b956dbbf40024921e95e7fcb/librt-0.9.0-cp312-cp312-musllinux_1_2_x86_64.whl", hash = "sha256:5093043afb226ecfa1400120d1ebd4442b4f99977783e4f4f7248879009b227f", size = 248224, upload-time = "2026-04-09T16:05:12.254Z" },
    { url = "https://files.pythonhosted.org/packages/92/1b/ee486d244b8de6b8b5dbaefabe6bfdd4a72e08f6353edf7d16d27114da8d/librt-0.9.0-cp312-cp312-win32.whl", hash = "sha256:9edcc35d1cae9fd5320171b1a838c7da8a5c968af31e82ecc3dff30b4be0957f", size = 55986, upload-time = "2026-04-09T16:05:13.529Z" },
    { url = "https://files.pythonhosted.org/packages/89/7a/ba1737012308c17dc6d5516143b5dce9a2c7ba3474afd54e11f44a4d1ef3/librt-0.9.0-cp312-cp312-win_amd64.whl", hash = "sha256:3cc2917258e131ae5f958a4d872e07555b51cb7466a43433218061c74ef33745", size = 63260, upload-time = "2026-04-09T16:05:14.68Z" },
    { url = "https://files.pythonhosted.org/packages/36/e4/01752c113da15127f18f7bf11142f5640038f062407a611c059d0036c6aa/librt-0.9.0-cp312-cp312-win_arm64.whl", hash = "sha256:90e6d5420fc8a300518d4d2288154ff45005e920425c22cbbfe8330f3f754bd9", size = 53694, upload-time = "2026-04-09T16:05:16.095Z" },
    { url = "https://files.pythonhosted.org/packages/5f/d7/1b3e26fffde1452d82f5666164858a81c26ebe808e7ae8c9c88628981540/librt-0.9.0-cp313-cp313-macosx_10_13_x86_64.whl", hash = "sha256:f29b68cd9714531672db62cc54f6e8ff981900f824d13fa0e00749189e13778e", size = 68367, upload-time = "2026-04-09T16:05:17.243Z" },
    { url = "https://files.pythonhosted.org/packages/a5/5b/c61b043ad2e091fbe1f2d35d14795e545d0b56b03edaa390fa1dcee3d160/librt-0.9.0-cp313-cp313-macosx_11_0_arm64.whl", hash = "sha256:7d5c8a5929ac325729f6119802070b561f4db793dffc45e9ac750992a4ed4d22", size = 70595, upload-time = "2026-04-09T16:05:18.471Z" },
    { url = "https://files.pythonhosted.org/packages/a3/22/2448471196d8a73370aa2f23445455dc42712c21404081fcd7a03b9e0749/librt-0.9.0-cp313-cp313-manylinux1_i686.manylinux_2_28_i686.manylinux_2_5_i686.whl", hash = "sha256:756775d25ec8345b837ab52effee3ad2f3b2dfd6bbee3e3f029c517bd5d8f05a", size = 204354, upload-time = "2026-04-09T16:05:19.593Z" },
    { url = "https://files.pythonhosted.org/packages/ac/5e/39fc4b153c78cfd2c8a2dcb32700f2d41d2312aa1050513183be4540930d/librt-0.9.0-cp313-cp313-manylinux2014_aarch64.manylinux_2_17_aarch64.manylinux_2_28_aarch64.whl", hash = "sha256:2b8f5d00b49818f4e2b1667db994488b045835e0ac16fe2f924f3871bd2b8ac5", size = 216238, upload-time = "2026-04-09T16:05:20.868Z" },
    { url = "https://files.pythonhosted.org/packages/d7/42/bc2d02d0fa7badfa63aa8d6dcd8793a9f7ef5a94396801684a51ed8d8287/librt-0.9.0-cp313-cp313-manylinux2014_x86_64.manylinux_2_17_x86_64.manylinux_2_28_x86_64.whl", hash = "sha256:c81aef782380f0f13ead670aae01825eb653b44b046aa0e5ebbb79f76ed4aa11", size = 230589, upload-time = "2026-04-09T16:05:22.305Z" },
    { url = "https://files.pythonhosted.org/packages/c8/7b/e2d95cc513866373692aa5edf98080d5602dd07cabfb9e5d2f70df2f25f7/librt-0.9.0-cp313-cp313-manylinux_2_31_riscv64.manylinux_2_39_riscv64.whl", hash = "sha256:66b58fed90a545328e80d575467244de3741e088c1af928f0b489ebec3ef3858", size = 224610, upload-time = "2026-04-09T16:05:23.647Z" },
    { url = "https://files.pythonhosted.org/packages/31/d5/6cec4607e998eaba57564d06a1295c21b0a0c8de76e4e74d699e627bd98c/librt-0.9.0-cp313-cp313-musllinux_1_2_aarch64.whl", hash = "sha256:e78fb7419e07d98c2af4b8567b72b3eaf8cb05caad642e9963465569c8b2d87e", size = 232558, upload-time = "2026-04-09T16:05:25.025Z" },
    { url = "https://files.pythonhosted.org/packages/95/8c/27f1d8d3aaf079d3eb26439bf0b32f1482340c3552e324f7db9dca858671/librt-0.9.0-cp313-cp313-musllinux_1_2_i686.whl", hash = "sha256:2c3786f0f4490a5cd87f1ed6cefae833ad6b1060d52044ce0434a2e85893afd0", size = 225521, upload-time = "2026-04-09T16:05:26.311Z" },
    { url = "https://files.pythonhosted.org/packages/6b/d8/1e0d43b1c329b416017619469b3c3801a25a6a4ef4a1c68332aeaa6f72ca/librt-0.9.0-cp313-cp313-musllinux_1_2_riscv64.whl", hash = "sha256:8494cfc61e03542f2d381e71804990b3931175a29b9278fdb4a5459948778dc2", size = 227789, upload-time = "2026-04-09T16:05:27.624Z" },
    { url = "https://files.pythonhosted.org/packages/2c/b4/d3d842e88610fcd4c8eec7067b0c23ef2d7d3bff31496eded6a83b0f99be/librt-0.9.0-cp313-cp313-musllinux_1_2_x86_64.whl", hash = "sha256:07cf11f769831186eeac424376e6189f20ace4f7263e2134bdb9757340d84d4d", size = 248616, upload-time = "2026-04-09T16:05:29.181Z" },
    { url = "https://files.pythonhosted.org/packages/ec/28/527df8ad0d1eb6c8bdfa82fc190f1f7c4cca5a1b6d7b36aeabf95b52d74d/librt-0.9.0-cp313-cp313-win32.whl", hash = "sha256:850d6d03177e52700af605fd60db7f37dcb89782049a149674d1a9649c2138fd", size = 56039, upload-time = "2026-04-09T16:05:30.709Z" },
    { url = "https://files.pythonhosted.org/packages/f3/a7/413652ad0d92273ee5e30c000fc494b361171177c83e57c060ecd3c21538/librt-0.9.0-cp313-cp313-win_amd64.whl", hash = "sha256:a5af136bfba820d592f86c67affcef9b3ff4d4360ac3255e341e964489b48519", size = 63264, upload-time = "2026-04-09T16:05:31.881Z" },
    { url = "https://files.pythonhosted.org/packages/a4/0a/92c244309b774e290ddb15e93363846ae7aa753d9586b8aad511c5e6145b/librt-0.9.0-cp313-cp313-win_arm64.whl", hash = "sha256:4c4d0440a3a8e31d962340c3e1cc3fc9ee7febd34c8d8f770d06adb947779ea5", size = 53728, upload-time = "2026-04-09T16:05:33.31Z" },
    { url = "https://files.pythonhosted.org/packages/cd/c1/184e539543f06ea2912f4b92a5ffaede4f9b392689e3f00acbf8134bee92/librt-0.9.0-cp314-cp314-macosx_10_13_x86_64.whl", hash = "sha256:3f05d145df35dca5056a8bc3838e940efebd893a54b3e19b2dda39ceaa299bcb", size = 67830, upload-time = "2026-04-09T16:05:34.517Z" },
    { url = "https://files.pythonhosted.org/packages/f3/ad/23399bdcb7afca819acacdef31b37ee59de261bd66b503a7995c03c4b0dc/librt-0.9.0-cp314-cp314-macosx_11_0_arm64.whl", hash = "sha256:1c587494461ebd42229d0f1739f3aa34237dd9980623ecf1be8d3bcba79f4499", size = 70280, upload-time = "2026-04-09T16:05:35.649Z" },
    { url = "https://files.pythonhosted.org/packages/9f/0b/4542dc5a2b8772dbf92cafb9194701230157e73c14b017b6961a23598b03/librt-0.9.0-cp314-cp314-manylinux1_i686.manylinux_2_28_i686.manylinux_2_5_i686.whl", hash = "sha256:b0a2040f801406b93657a70b72fa12311063a319fee72ce98e1524da7200171f", size = 201925, upload-time = "2026-04-09T16:05:36.739Z" },
    { url = "https://files.pythonhosted.org/packages/31/d4/8ee7358b08fd0cfce051ef96695380f09b3c2c11b77c9bfbc367c921cce5/librt-0.9.0-cp314-cp314-manylinux2014_aarch64.manylinux_2_17_aarch64.manylinux_2_28_aarch64.whl", hash = "sha256:f38bc489037eca88d6ebefc9c4d41a4e07c8e8b4de5188a9e6d290273ad7ebb1", size = 212381, upload-time = "2026-04-09T16:05:38.043Z" },
    { url = "https://files.pythonhosted.org/packages/f2/94/a2025fe442abedf8b038038dab3dba942009ad42b38ea064a1a9e6094241/librt-0.9.0-cp314-cp314-manylinux2014_x86_64.manylinux_2_17_x86_64.manylinux_2_28_x86_64.whl", hash = "sha256:f3fd278f5e6bf7c75ccd6d12344eb686cc020712683363b66f46ac79d37c799f", size = 227065, upload-time = "2026-04-09T16:05:39.394Z" },
    { url = "https://files.pythonhosted.org/packages/7c/e9/b9fcf6afa909f957cfbbf918802f9dada1bd5d3c1da43d722fd6a310dc3f/librt-0.9.0-cp314-cp314-manylinux_2_31_riscv64.manylinux_2_39_riscv64.whl", hash = "sha256:fcbdf2a9ca24e87bbebb47f1fe34e531ef06f104f98c9ccfc953a3f3344c567a", size = 221333, upload-time = "2026-04-09T16:05:40.999Z" },
    { url = "https://files.pythonhosted.org/packages/ac/7c/ba54cd6aa6a3c8cd12757a6870e0c79a64b1e6327f5248dcff98423f4d43/librt-0.9.0-cp314-cp314-musllinux_1_2_aarch64.whl", hash = "sha256:e306d956cfa027fe041585f02a1602c32bfa6bb8ebea4899d373383295a6c62f", size = 229051, upload-time = "2026-04-09T16:05:42.605Z" },
    { url = "https://files.pythonhosted.org/packages/4b/4b/8cfdbad314c8677a0148bf0b70591d6d18587f9884d930276098a235461b/librt-0.9.0-cp314-cp314-musllinux_1_2_i686.whl", hash = "sha256:465814ab157986acb9dfa5ccd7df944be5eefc0d08d31ec6e8d88bc71251d845", size = 222492, upload-time = "2026-04-09T16:05:43.842Z" },
    { url = "https://files.pythonhosted.org/packages/1f/d1/2eda69563a1a88706808decdce035e4b32755dbfbb0d05e1a65db9547ed1/librt-0.9.0-cp314-cp314-musllinux_1_2_riscv64.whl", hash = "sha256:703f4ae36d6240bfe24f542bac784c7e4194ec49c3ba5a994d02891649e2d85b", size = 223849, upload-time = "2026-04-09T16:05:45.054Z" },
    { url = "https://files.pythonhosted.org/packages/04/44/b2ed37df6be5b3d42cfe36318e0598e80843d5c6308dd63d0bf4e0ce5028/librt-0.9.0-cp314-cp314-musllinux_1_2_x86_64.whl", hash = "sha256:3be322a15ee5e70b93b7a59cfd074614f22cc8c9ff18bd27f474e79137ea8d3b", size = 245001, upload-time = "2026-04-09T16:05:46.34Z" },
    { url = "https://files.pythonhosted.org/packages/47/e7/617e412426df89169dd2a9ed0cc8752d5763336252c65dbf945199915119/librt-0.9.0-cp314-cp314-win32.whl", hash = "sha256:b8da9f8035bb417770b1e1610526d87ad4fc58a2804dc4d79c53f6d2cf5a6eb9", size = 51799, upload-time = "2026-04-09T16:05:47.738Z" },
    { url = "https://files.pythonhosted.org/packages/24/ed/c22ca4db0ca3cbc285e4d9206108746beda561a9792289c3c31281d7e9df/librt-0.9.0-cp314-cp314-win_amd64.whl", hash = "sha256:b8bd70d5d816566a580d193326912f4a76ec2d28a97dc4cd4cc831c0af8e330e", size = 59165, upload-time = "2026-04-09T16:05:49.198Z" },
    { url = "https://files.pythonhosted.org/packages/24/56/875398fafa4cbc8f15b89366fc3287304ddd3314d861f182a4b87595ace0/librt-0.9.0-cp314-cp314-win_arm64.whl", hash = "sha256:fc5758e2b7a56532dc33e3c544d78cbaa9ecf0a0f2a2da2df882c1d6b99a317f", size = 49292, upload-time = "2026-04-09T16:05:50.362Z" },
    { url = "https://files.pythonhosted.org/packages/4c/61/bc448ecbf9b2d69c5cff88fe41496b19ab2a1cbda0065e47d4d0d51c0867/librt-0.9.0-cp314-cp314t-macosx_10_13_x86_64.whl", hash = "sha256:f24b90b0e0c8cc9491fb1693ae91fe17cb7963153a1946395acdbdd5818429a4", size = 70175, upload-time = "2026-04-09T16:05:51.564Z" },
    { url = "https://files.pythonhosted.org/packages/60/f2/c47bb71069a73e2f04e70acbd196c1e5cc411578ac99039a224b98920fd4/librt-0.9.0-cp314-cp314t-macosx_11_0_arm64.whl", hash = "sha256:3fe56e80badb66fdcde06bef81bbaa5bfcf6fbd7aefb86222d9e369c38c6b228", size = 72951, upload-time = "2026-04-09T16:05:52.699Z" },
    { url = "https://files.pythonhosted.org/packages/29/19/0549df59060631732df758e8886d92088da5fdbedb35b80e4643664e8412/librt-0.9.0-cp314-cp314t-manylinux1_i686.manylinux_2_28_i686.manylinux_2_5_i686.whl", hash = "sha256:527b5b820b47a09e09829051452bb0d1dd2122261254e2a6f674d12f1d793d54", size = 225864, upload-time = "2026-04-09T16:05:53.895Z" },
    { url = "https://files.pythonhosted.org/packages/9d/f8/3b144396d302ac08e50f89e64452c38db84bc7b23f6c60479c5d3abd303c/librt-0.9.0-cp314-cp314t-manylinux2014_aarch64.manylinux_2_17_aarch64.manylinux_2_28_aarch64.whl", hash = "sha256:7d429bdd4ac0ab17c8e4a8af0ed2a7440b16eba474909ab357131018fe8c7e71", size = 241155, upload-time = "2026-04-09T16:05:55.191Z" },
    { url = "https://files.pythonhosted.org/packages/7a/ce/ee67ec14581de4043e61d05786d2aed6c9b5338816b7859bcf07455c6a9f/librt-0.9.0-cp314-cp314t-manylinux2014_x86_64.manylinux_2_17_x86_64.manylinux_2_28_x86_64.whl", hash = "sha256:7202bdcac47d3a708271c4304a474a8605a4a9a4a709e954bf2d3241140aa938", size = 252235, upload-time = "2026-04-09T16:05:56.549Z" },
    { url = "https://files.pythonhosted.org/packages/8a/fa/0ead15daa2b293a54101550b08d4bafe387b7d4a9fc6d2b985602bae69b6/librt-0.9.0-cp314-cp314t-manylinux_2_31_riscv64.manylinux_2_39_riscv64.whl", hash = "sha256:c0d620e74897f8c2613b3c4e2e9c1e422eb46d2ddd07df540784d44117836af3", size = 244963, upload-time = "2026-04-09T16:05:57.858Z" },
    { url = "https://files.pythonhosted.org/packages/29/68/9fbf9a9aa704ba87689e40017e720aced8d9a4d2b46b82451d8142f91ec9/librt-0.9.0-cp314-cp314t-musllinux_1_2_aarch64.whl", hash = "sha256:d69fc39e627908f4c03297d5a88d9284b73f4d90b424461e32e8c2485e21c283", size = 257364, upload-time = "2026-04-09T16:05:59.686Z" },
    { url = "https://files.pythonhosted.org/packages/1a/8d/9d60869f1b6716c762e45f66ed945b1e5dd649f7377684c3b176ae424648/librt-0.9.0-cp314-cp314t-musllinux_1_2_i686.whl", hash = "sha256:c2640e23d2b7c98796f123ffd95cf2022c7777aa8a4a3b98b36c570d37e85eee", size = 247661, upload-time = "2026-04-09T16:06:00.938Z" },
    { url = "https://files.pythonhosted.org/packages/70/ff/a5c365093962310bfdb4f6af256f191085078ffb529b3f0cbebb5b33ebe2/librt-0.9.0-cp314-cp314t-musllinux_1_2_riscv64.whl", hash = "sha256:451daa98463b7695b0a30aa56bf637831ea559e7b8101ac2ef6382e8eb15e29c", size = 248238, upload-time = "2026-04-09T16:06:02.537Z" },
    { url = "https://files.pythonhosted.org/packages/a0/3c/2d34365177f412c9e19c0a29f969d70f5343f27634b76b765a54d8b27705/librt-0.9.0-cp314-cp314t-musllinux_1_2_x86_64.whl", hash = "sha256:928bd06eca2c2bbf4349e5b817f837509b0604342e65a502de1d50a7570afd15", size = 269457, upload-time = "2026-04-09T16:06:03.833Z" },
    { url = "https://files.pythonhosted.org/packages/bc/cd/de45b239ea3bdf626f982a00c14bfcf2e12d261c510ba7db62c5969a27cd/librt-0.9.0-cp314-cp314t-win32.whl", hash = "sha256:a9c63e04d003bc0fb6a03b348018b9a3002f98268200e22cc80f146beac5dc40", size = 52453, upload-time = "2026-04-09T16:06:05.229Z" },
    { url = "https://files.pythonhosted.org/packages/7f/f9/bfb32ae428aa75c0c533915622176f0a17d6da7b72b5a3c6363685914f70/librt-0.9.0-cp314-cp314t-win_amd64.whl", hash = "sha256:f162af66a2ed3f7d1d161a82ca584efd15acd9c1cff190a373458c32f7d42118", size = 60044, upload-time = "2026-04-09T16:06:06.398Z" },
    { url = "https://files.pythonhosted.org/packages/aa/47/7d70414bcdbb3bc1f458a8d10558f00bbfdb24e5a11740fc8197e12c3255/librt-0.9.0-cp314-cp314t-win_arm64.whl", hash = "sha256:a4b25c6c25cac5d0d9d6d6da855195b254e0021e513e0249f0e3b444dc6e0e61", size = 50009, upload-time = "2026-04-09T16:06:07.995Z" },
]

[[package]]
name = "mypy"
version = "1.20.2"
source = { registry = "https://pypi.org/simple" }
dependencies = [
    { name = "librt", marker = "platform_python_implementation != 'PyPy'" },
    { name = "mypy-extensions" },
    { name = "pathspec" },
    { name = "typing-extensions" },
]
sdist = { url = "https://files.pythonhosted.org/packages/04/af/e3d4b3e9ec91a0ff9aabfdb38692952acf49bbb899c2e4c29acb3a6da3ae/mypy-1.20.2.tar.gz", hash = "sha256:e8222c26daaafd9e8626dec58ae36029f82585890589576f769a650dd20fd665", size = 3817349, upload-time = "2026-04-21T17:12:28.473Z" }
wheels = [
    { url = "https://files.pythonhosted.org/packages/71/4e/7560e4528db9e9b147e4c0f22660466bf30a0a1fe3d63d1b9d3b0fd354ee/mypy-1.20.2-cp312-cp312-macosx_10_13_x86_64.whl", hash = "sha256:4dbfcf869f6b0517f70cf0030ba6ea1d6645e132337a7d5204a18d8d5636c02b", size = 14539393, upload-time = "2026-04-21T17:07:12.52Z" },
    { url = "https://files.pythonhosted.org/packages/32/d9/34a5efed8124f5a9234f55ac6a4ced4201e2c5b81e1109c49ad23190ec8c/mypy-1.20.2-cp312-cp312-macosx_11_0_arm64.whl", hash = "sha256:4b6481b228d072315b053210b01ac320e1be243dc17f9e5887ef167f23f5fae4", size = 13361642, upload-time = "2026-04-21T17:06:53.742Z" },
    { url = "https://files.pythonhosted.org/packages/d1/14/eb377acf78c03c92d566a1510cda8137348215b5335085ef662ab82ecd3a/mypy-1.20.2-cp312-cp312-manylinux2014_aarch64.manylinux_2_17_aarch64.manylinux_2_28_aarch64.whl", hash = "sha256:34397cdced6b90b836e38182076049fdb41424322e0b0728c946b0939ebdf9f6", size = 13740347, upload-time = "2026-04-21T17:12:04.73Z" },
    { url = "https://files.pythonhosted.org/packages/b9/94/7e4634a32b641aa1c112422eed1bbece61ee16205f674190e8b536f884de/mypy-1.20.2-cp312-cp312-manylinux2014_x86_64.manylinux_2_17_x86_64.manylinux_2_28_x86_64.whl", hash = "sha256:a5da6976f20cae27059ea8d0c86e7cef3de720e04c4bb9ee18e3690fdb792066", size = 14734042, upload-time = "2026-04-21T17:07:43.16Z" },
    { url = "https://files.pythonhosted.org/packages/7a/f3/f7e62395cb7f434541b4491a01149a4439e28ace4c0c632bbf5431e92d1f/mypy-1.20.2-cp312-cp312-musllinux_1_2_x86_64.whl", hash = "sha256:56908d7e08318d39f85b1f0c6cfd47b0cac1a130da677630dac0de3e0623e102", size = 14964958, upload-time = "2026-04-21T17:11:00.665Z" },
    { url = "https://files.pythonhosted.org/packages/3e/0d/47e3c3a0ec2a876e35aeac365df3cac7776c36bbd4ed18cc521e1b9d255b/mypy-1.20.2-cp312-cp312-win_amd64.whl", hash = "sha256:d52ad8d78522da1d308789df651ee5379088e77c76cb1994858d40a426b343b9", size = 10911340, upload-time = "2026-04-21T17:10:49.179Z" },
    { url = "https://files.pythonhosted.org/packages/d6/b2/6c852d72e0ea8b01f49da817fb52539993cde327e7d010e0103dc12d0dac/mypy-1.20.2-cp312-cp312-win_arm64.whl", hash = "sha256:785b08db19c9f214dc37d65f7c165d19a30fcecb48abfa30f31b01b5acaabb58", size = 9833947, upload-time = "2026-04-21T17:09:05.267Z" },
    { url = "https://files.pythonhosted.org/packages/5b/c4/b93812d3a192c9bcf5df405bd2f30277cd0e48106a14d1023c7f6ed6e39b/mypy-1.20.2-cp313-cp313-macosx_10_13_x86_64.whl", hash = "sha256:edfbfca868cdd6bd8d974a60f8a3682f5565d3f5c99b327640cedd24c4264026", size = 14524670, upload-time = "2026-04-21T17:10:30.737Z" },
    { url = "https://files.pythonhosted.org/packages/f3/47/42c122501bff18eaf1e8f457f5c017933452d8acdc52918a9f59f6812955/mypy-1.20.2-cp313-cp313-macosx_11_0_arm64.whl", hash = "sha256:e2877a02380adfcdbc69071a0f74d6e9dbbf593c0dc9d174e1f223ffd5281943", size = 13336218, upload-time = "2026-04-21T17:08:44.069Z" },
    { url = "https://files.pythonhosted.org/packages/92/8f/75bbc92f41725fbd585fb17b440b1119b576105df1013622983e18640a93/mypy-1.20.2-cp313-cp313-manylinux2014_aarch64.manylinux_2_17_aarch64.manylinux_2_28_aarch64.whl", hash = "sha256:7488448de6007cd5177c6cea0517ac33b4c0f5ee9b5e9f2be51ce75511a85517", size = 13724906, upload-time = "2026-04-21T17:08:01.02Z" },
    { url = "https://files.pythonhosted.org/packages/a1/32/4c49da27a606167391ff0c39aa955707a00edc500572e562f7c36c08a71f/mypy-1.20.2-cp313-cp313-manylinux2014_x86_64.manylinux_2_17_x86_64.manylinux_2_28_x86_64.whl", hash = "sha256:bb9c2fa06887e21d6a3a868762acb82aec34e2c6fd0174064f27c93ede68ad15", size = 14726046, upload-time = "2026-04-21T17:11:22.354Z" },
    { url = "https://files.pythonhosted.org/packages/7f/fc/4e354a1bd70216359deb0c9c54847ee6b32ef78dfb09f5131ff99b494078/mypy-1.20.2-cp313-cp313-musllinux_1_2_x86_64.whl", hash = "sha256:9d56a78b646f2e3daa865bc70cd5ec5a46c50045801ca8ff17a0c43abc97e3ee", size = 14955587, upload-time = "2026-04-21T17:12:16.033Z" },
    { url = "https://files.pythonhosted.org/packages/62/b2/c0f2056e9eb8f08c62cafd9715e4584b89132bdc832fcf85d27d07b5f3e5/mypy-1.20.2-cp313-cp313-win_amd64.whl", hash = "sha256:2a4102b03bb7481d9a91a6da8d174740c9c8c4401024684b9ca3b7cc5e49852f", size = 10922681, upload-time = "2026-04-21T17:06:35.842Z" },
    { url = "https://files.pythonhosted.org/packages/e5/14/065e333721f05de8ef683d0aa804c23026bcc287446b61cac657b902ccac/mypy-1.20.2-cp313-cp313-win_arm64.whl", hash = "sha256:a95a9248b0c6fd933a442c03c3b113c3b61320086b88e2c444676d3fd1ca3330", size = 9830560, upload-time = "2026-04-21T17:07:51.023Z" },
    { url = "https://files.pythonhosted.org/packages/ae/d1/b4ec96b0ecc620a4443570c6e95c867903428cfcde4206518eafdd5880c3/mypy-1.20.2-cp314-cp314-macosx_10_15_x86_64.whl", hash = "sha256:419413398fe250aae057fd2fe50166b61077083c9b82754c341cf4fd73038f30", size = 14524561, upload-time = "2026-04-21T17:06:27.325Z" },
    { url = "https://files.pythonhosted.org/packages/3a/63/d2c2ff4fa66bc49477d32dfa26e8a167ba803ea6a69c5efb416036909d30/mypy-1.20.2-cp314-cp314-macosx_11_0_arm64.whl", hash = "sha256:e73c07f23009962885c197ccb9b41356a30cc0e5a1d0c2ea8fd8fb1362d7f924", size = 13363883, upload-time = "2026-04-21T17:11:11.239Z" },
    { url = "https://files.pythonhosted.org/packages/2a/56/983916806bf4eddeaaa2c9230903c3669c6718552a921154e1c5182c701f/mypy-1.20.2-cp314-cp314-manylinux2014_aarch64.manylinux_2_17_aarch64.manylinux_2_28_aarch64.whl", hash = "sha256:0c64e5973df366b747646fc98da921f9d6eba9716d57d1db94a83c026a08e0fb", size = 13742945, upload-time = "2026-04-21T17:08:34.181Z" },
    { url = "https://files.pythonhosted.org/packages/19/65/0cd9285ab010ee8214c83d67c6b49417c40d86ce46f1aa109457b5a9b8d7/mypy-1.20.2-cp314-cp314-manylinux2014_x86_64.manylinux_2_17_x86_64.manylinux_2_28_x86_64.whl", hash = "sha256:5a65aa591af023864fd08a97da9974e919452cfe19cb146c8a5dc692626445dc", size = 14706163, upload-time = "2026-04-21T17:05:15.51Z" },
    { url = "https://files.pythonhosted.org/packages/94/97/48ff3b297cafcc94d185243a9190836fb1b01c1b0918fff64e941e973cc9/mypy-1.20.2-cp314-cp314-musllinux_1_2_x86_64.whl", hash = "sha256:4fef51b01e638974a6e69885687e9bd40c8d1e09a6cd291cca0619625cf1f558", size = 14938677, upload-time = "2026-04-21T17:05:39.562Z" },
    { url = "https://files.pythonhosted.org/packages/fd/a1/1b4233d255bdd0b38a1f284feeb1c143ca508c19184964e22f8d837ec851/mypy-1.20.2-cp314-cp314-win_amd64.whl", hash = "sha256:913485a03f1bcf5d279409a9d2b9ed565c151f61c09f29991e5faa14033da4c8", size = 11089322, upload-time = "2026-04-21T17:06:44.29Z" },
    { url = "https://files.pythonhosted.org/packages/78/c2/ce7ee2ba36aeb954ba50f18fa25d9c1188578654b97d02a66a15b6f09531/mypy-1.20.2-cp314-cp314-win_arm64.whl", hash = "sha256:c3bae4f855d965b5453784300c12ffc63a548304ac7f99e55d4dc7c898673aa3", size = 10017775, upload-time = "2026-04-21T17:07:20.732Z" },
    { url = "https://files.pythonhosted.org/packages/4e/a1/9d93a7d0b5859af0ead82b4888b46df6c8797e1bc5e1e262a08518c6d48e/mypy-1.20.2-cp314-cp314t-macosx_10_15_x86_64.whl", hash = "sha256:2de3dcea53babc1c3237a19002bc3d228ce1833278f093b8d619e06e7cc79609", size = 15549002, upload-time = "2026-04-21T17:08:23.107Z" },
    { url = "https://files.pythonhosted.org/packages/00/d2/09a6a10ee1bf0008f6c144d9676f2ca6a12512151b4e0ad0ff6c4fac5337/mypy-1.20.2-cp314-cp314t-macosx_11_0_arm64.whl", hash = "sha256:52b176444e2e5054dfcbcb8c75b0b719865c96247b37407184bbfca5c353f2c2", size = 14401942, upload-time = "2026-04-21T17:07:31.837Z" },
    { url = "https://files.pythonhosted.org/packages/57/da/9594b75c3c019e805250bed3583bdf4443ff9e6ef08f97e39ae308cb06f2/mypy-1.20.2-cp314-cp314t-manylinux2014_aarch64.manylinux_2_17_aarch64.manylinux_2_28_aarch64.whl", hash = "sha256:688c3312e5dadb573a2c69c82af3a298d43ecf9e6d264e0f95df960b5f6ac19c", size = 15041649, upload-time = "2026-04-21T17:09:34.653Z" },
    { url = "https://files.pythonhosted.org/packages/97/77/f75a65c278e6e8eba2071f7f5a90481891053ecc39878cc444634d892abe/mypy-1.20.2-cp314-cp314t-manylinux2014_x86_64.manylinux_2_17_x86_64.manylinux_2_28_x86_64.whl", hash = "sha256:29752dbbf8cc53f89f6ac096d363314333045c257c9c75cbd189ca2de0455744", size = 15864588, upload-time = "2026-04-21T17:11:44.936Z" },
    { url = "https://files.pythonhosted.org/packages/d7/46/1a4e1c66e96c1a3246ddf5403d122ac9b0a8d2b7e65730b9d6533ba7a6d3/mypy-1.20.2-cp314-cp314t-musllinux_1_2_x86_64.whl", hash = "sha256:803203d2b6ea644982c644895c2f78b28d0e208bba7b27d9b921e0ec5eb207c6", size = 16093956, upload-time = "2026-04-21T17:10:17.683Z" },
    { url = "https://files.pythonhosted.org/packages/5a/2c/78a8851264dec38cd736ca5b8bc9380674df0dd0be7792f538916157716c/mypy-1.20.2-cp314-cp314t-win_amd64.whl", hash = "sha256:9bcb8aa397ff0093c824182fd76a935a9ba7ad097fcbef80ae89bf6c1731d8ec", size = 12568661, upload-time = "2026-04-21T17:11:54.473Z" },
    { url = "https://files.pythonhosted.org/packages/83/01/cd7318aa03493322ce275a0e14f4f52b8896335e4e79d4fb8153a7ad2b77/mypy-1.20.2-cp314-cp314t-win_arm64.whl", hash = "sha256:e061b58443f1736f8a37c48978d7ab581636d6ab03e3d4f99e3fa90463bb9382", size = 10389240, upload-time = "2026-04-21T17:09:42.719Z" },
    { url = "https://files.pythonhosted.org/packages/28/9a/f23c163e25b11074188251b0b5a0342625fc1cdb6af604757174fa9acc9b/mypy-1.20.2-py3-none-any.whl", hash = "sha256:a94c5a76ab46c5e6257c7972b6c8cff0574201ca7dc05647e33e795d78680563", size = 2637314, upload-time = "2026-04-21T17:05:54.5Z" },
]

[[package]]
name = "mypy-extensions"
version = "1.1.0"
source = { registry = "https://pypi.org/simple" }
sdist = { url = "https://files.pythonhosted.org/packages/a2/6e/371856a3fb9d31ca8dac321cda606860fa4548858c0cc45d9d1d4ca2628b/mypy_extensions-1.1.0.tar.gz", hash = "sha256:52e68efc3284861e772bbcd66823fde5ae21fd2fdb51c62a211403730b916558", size = 6343, upload-time = "2025-04-22T14:54:24.164Z" }
wheels = [
    { url = "https://files.pythonhosted.org/packages/79/7b/2c79738432f5c924bef5071f933bcc9efd0473bac3b4aa584a6f7c1c8df8/mypy_extensions-1.1.0-py3-none-any.whl", hash = "sha256:1be4cccdb0f2482337c4743e60421de3a356cd97508abadd57d47403e94f5505", size = 4963, upload-time = "2025-04-22T14:54:22.983Z" },
]

[[package]]
name = "nodeenv"
version = "1.10.0"
source = { registry = "https://pypi.org/simple" }
sdist = { url = "https://files.pythonhosted.org/packages/24/bf/d1bda4f6168e0b2e9e5958945e01910052158313224ada5ce1fb2e1113b8/nodeenv-1.10.0.tar.gz", hash = "sha256:996c191ad80897d076bdfba80a41994c2b47c68e224c542b48feba42ba00f8bb", size = 55611, upload-time = "2025-12-20T14:08:54.006Z" }
wheels = [
    { url = "https://files.pythonhosted.org/packages/88/b2/d0896bdcdc8d28a7fc5717c305f1a861c26e18c05047949fb371034d98bd/nodeenv-1.10.0-py2.py3-none-any.whl", hash = "sha256:5bb13e3eed2923615535339b3c620e76779af4cb4c6a90deccc9e36b274d3827", size = 23438, upload-time = "2025-12-20T14:08:52.782Z" },
]

[[package]]
name = "pathspec"
version = "1.1.0"
source = { registry = "https://pypi.org/simple" }
sdist = { url = "https://files.pythonhosted.org/packages/2e/17/9c3094b822982b9f1ea666d8580ce59000f61f87c1663556fb72031ad9ec/pathspec-1.1.0.tar.gz", hash = "sha256:f5d7c555da02fd8dde3e4a2354b6aba817a89112fa8f333f7917a2a4834dd080", size = 133918, upload-time = "2026-04-23T01:46:22.298Z" }
wheels = [
    { url = "https://files.pythonhosted.org/packages/fa/c9/8eed0486f074e9f1ca7f8ce5ad663e65f12fdab344028d658fa1b03d35e0/pathspec-1.1.0-py3-none-any.whl", hash = "sha256:574b128f7456bd899045ccd142dd446af7e6cfd0072d63ad73fbc55fbb4aaa42", size = 56264, upload-time = "2026-04-23T01:46:20.606Z" },
]

[[package]]
name = "pyrefly"
version = "0.62.0"
source = { registry = "https://pypi.org/simple" }
sdist = { url = "https://files.pythonhosted.org/packages/bb/ad/8874ed25781e7dd561c6d75fb4a7becf10a18d75b074f25b845cc334f781/pyrefly-0.62.0.tar.gz", hash = "sha256:da1fbe1075dc1e6c8e3134e9370b0a0e7a296061d782cca5bf83dbb8e4c10d7c", size = 5537672, upload-time = "2026-04-20T17:12:15.718Z" }
wheels = [
    { url = "https://files.pythonhosted.org/packages/1b/ea/09bd9da7d5df294db800312fb415be2fefbaa5594178e9e49f44fa071aea/pyrefly-0.62.0-py3-none-macosx_10_12_x86_64.whl", hash = "sha256:9d78ec4f126dee1fa76215b193b964490ce10e62a32d2787a72c51623658b803", size = 13020414, upload-time = "2026-04-20T17:11:43.617Z" },
    { url = "https://files.pythonhosted.org/packages/4b/f0/f84afac4f220c4c8c801b779ee2ff28ad3f7731f4283c2e1b6ee9012e8c2/pyrefly-0.62.0-py3-none-macosx_11_0_arm64.whl", hash = "sha256:2a41a34902d20756264486f9e309f22633d100261bd960feea6e858a098d985d", size = 12515659, upload-time = "2026-04-20T17:11:46.59Z" },
    { url = "https://files.pythonhosted.org/packages/40/0b/620c39cefa9ae1b25ee7a2da9d8d3c278b095649cb8435c5e01ea64f7c17/pyrefly-0.62.0-py3-none-manylinux_2_17_aarch64.manylinux2014_aarch64.whl", hash = "sha256:4666c6b65aea662e5f77b64dc91c091b7ea5cede6aa66c0f4cbae26480403583", size = 36228332, upload-time = "2026-04-20T17:11:50.523Z" },
    { url = "https://files.pythonhosted.org/packages/2d/fb/47b8b76438c12761e509a3666cd5a99d4af7f21976ba8385feb475cbfe30/pyrefly-0.62.0-py3-none-manylinux_2_17_i686.manylinux2014_i686.whl", hash = "sha256:1aefab798f47d37c13ded791192fee9b39a6d2b12e31f38ae06a1f80c4b26e22", size = 38995741, upload-time = "2026-04-20T17:11:54.702Z" },
    { url = "https://files.pythonhosted.org/packages/55/d2/03bd17673f61147cd5609cd7d6a1455eeccc17a07a7e141ed9931b0c42c0/pyrefly-0.62.0-py3-none-manylinux_2_17_ppc64le.manylinux2014_ppc64le.whl", hash = "sha256:8fa986b50d56740da1d7ae7c660a505143cb9d286fa98cc7e5f4a759cc6eaa5d", size = 37205321, upload-time = "2026-04-20T17:11:58.9Z" },
    { url = "https://files.pythonhosted.org/packages/75/14/20ba7b7f2d182f9b7c1e24a3041dac9b5730ae28cfe1614a2c98706650f2/pyrefly-0.62.0-py3-none-manylinux_2_17_x86_64.manylinux2014_x86_64.whl", hash = "sha256:32e9b175805c82ffb967e4708f4910bace7e1a12736907380cc9afdbaabb0efb", size = 41786834, upload-time = "2026-04-20T17:12:03.221Z" },
    { url = "https://files.pythonhosted.org/packages/fa/c8/5a7ba88c4fa1b5090d877f70fa1b742b921b9e7d8d3f4b6b9b1ba1820850/pyrefly-0.62.0-py3-none-win32.whl", hash = "sha256:1cd98edc20cab5bac8016c9220ee66080e39bd22e7f0e9bb3e2c4e2be1555eed", size = 12010170, upload-time = "2026-04-20T17:12:06.791Z" },
    { url = "https://files.pythonhosted.org/packages/2e/78/d8f810de010ff2ed594c630c724fd817ef430963249e9eb396ce8f785e9d/pyrefly-0.62.0-py3-none-win_amd64.whl", hash = "sha256:6994f8ee7d6720325ee52207fbdaca98a799a1efe462bb5ba90c47160f7f3e6e", size = 12861816, upload-time = "2026-04-20T17:12:09.689Z" },
    { url = "https://files.pythonhosted.org/packages/c7/a9/ac824ef6a3f50b7c0ec5974471f8f2cb205cd1edd53a5abbcf7ba37feb5d/pyrefly-0.62.0-py3-none-win_arm64.whl", hash = "sha256:362a5d47a5ac5aaa5258091e878a1759ff8b687d8cf462af1c516144f7b0108a", size = 12352977, upload-time = "2026-04-20T17:12:12.736Z" },
]

[[package]]
name = "pyright"
version = "1.1.409"
source = { registry = "https://pypi.org/simple" }
dependencies = [
    { name = "nodeenv" },
    { name = "typing-extensions" },
]
sdist = { url = "https://files.pythonhosted.org/packages/51/4e/3aa27f74211522dba7e9cbc3e74de779c6d4b654c54e50a4840623be8014/pyright-1.1.409.tar.gz", hash = "sha256:986ee05beca9e077c165758ad123667c679e050059a2546aa02473930394bc93", size = 4430434, upload-time = "2026-04-23T11:02:03.799Z" }
wheels = [
    { url = "https://files.pythonhosted.org/packages/16/6b/330d8ebae582b30c2959a1ef4c3bc344ebde48c2ff0c3f113c4710735e11/pyright-1.1.409-py3-none-any.whl", hash = "sha256:aa3ea228cab90c845c7a60d28db7a844c04315356392aa09fafcee98c8c22fb3", size = 6438161, upload-time = "2026-04-23T11:02:01.309Z" },
]

[[package]]
name = "ty"
version = "0.0.32"
source = { registry = "https://pypi.org/simple" }
sdist = { url = "https://files.pythonhosted.org/packages/85/7e/2aa791c9ae7b8cd5024cd4122e92267f664ca954cea3def3211919fa3c1f/ty-0.0.32.tar.gz", hash = "sha256:8743174c5f920f6700a4a0c9de140109189192ba16226884cd50095b43b8a45c", size = 5522294, upload-time = "2026-04-20T19:29:01.626Z" }
wheels = [
    { url = "https://files.pythonhosted.org/packages/62/eb/1075dc6a49d7acbe2584ae4d5b410c41b1f177a5adcc567e09eca4c69000/ty-0.0.32-py3-none-linux_armv6l.whl", hash = "sha256:dacbc2f6cd698d488ae7436838ff929570455bf94bfa4d9fe57a630c552aff83", size = 10902959, upload-time = "2026-04-20T19:28:31.907Z" },
    { url = "https://files.pythonhosted.org/packages/33/d2/c35fc8bc66e98d1ee9b0f8ed319bf743e450e1f1e997574b178fab75670f/ty-0.0.32-py3-none-macosx_10_12_x86_64.whl", hash = "sha256:914bbc4f605ce2a9e2a78982e28fae1d3359a169d141f9dc3b4c7749cd5eca81", size = 10726172, upload-time = "2026-04-20T19:28:44.765Z" },
    { url = "https://files.pythonhosted.org/packages/96/32/c827da3ca480456fb02d8cea68a2609273b6c220fea0be9a4c8d8470b86e/ty-0.0.32-py3-none-macosx_11_0_arm64.whl", hash = "sha256:4787ac9fe1f86b1f3133f5c6732adbe2df5668b50c679ac6e2d98cd284da812f", size = 10163701, upload-time = "2026-04-20T19:28:27.005Z" },
    { url = "https://files.pythonhosted.org/packages/ba/9e/2734478fbdb90c160cb2813a3916a16a2af5c1e231f87d635f6131d781fb/ty-0.0.32-py3-none-manylinux_2_17_aarch64.manylinux2014_aarch64.whl", hash = "sha256:d8ea0a728af99fe40dd744cba6441a2404f80b7f4bde17aa6da393810af5ea57", size = 10656220, upload-time = "2026-04-20T19:29:03.814Z" },
    { url = "https://files.pythonhosted.org/packages/44/9f/0007da2d35e424debe7e9f86ffbc1ab7f60983cfbc5f0411324ab2de5292/ty-0.0.32-py3-none-manylinux_2_17_armv7l.manylinux2014_armv7l.whl", hash = "sha256:2850561f9b018ae33d7e5bbfa0ac414d3c518513edcffe43877dc9801446b9c5", size = 10696086, upload-time = "2026-04-20T19:28:46.829Z" },
    { url = "https://files.pythonhosted.org/packages/3b/5e/ce5fd4ec803222ae3e69a76d2a2db2eed55e19f5b131702b9789ef45f93d/ty-0.0.32-py3-none-manylinux_2_17_i686.manylinux2014_i686.whl", hash = "sha256:b5fa2fb3c614349ee211d36476b49d88c5ef79a687cdb91b2872ad023b94d2f8", size = 11184800, upload-time = "2026-04-20T19:28:42.57Z" },
    { url = "https://files.pythonhosted.org/packages/6c/46/ebcf67a5999421331214aac51a7464db42de2be15bbe929c612a3ed0b039/ty-0.0.32-py3-none-manylinux_2_17_ppc64le.manylinux2014_ppc64le.whl", hash = "sha256:2b89969307ab2417d41c9be8059dd79feea577234e1e10d35132f5495e0d42c6", size = 11718718, upload-time = "2026-04-20T19:28:36.433Z" },
    { url = "https://files.pythonhosted.org/packages/18/2c/2141c86ed0ce0962b45cefb658a95e734f59759d47f20afdcd9c732910a1/ty-0.0.32-py3-none-manylinux_2_17_s390x.manylinux2014_s390x.whl", hash = "sha256:9b59868ede9b1d69a088f0d695df52a0061f95fa7baa1d5e0dc6fc9cf06e1334", size = 11346369, upload-time = "2026-04-20T19:28:48.967Z" },
    { url = "https://files.pythonhosted.org/packages/7a/da/ed6f772339cf29bd9a46def9d6db5084689eb574ee4d150ff704224c1ed8/ty-0.0.32-py3-none-manylinux_2_17_x86_64.manylinux2014_x86_64.whl", hash = "sha256:8300caf35345498e9b9b03e550bba03cee8f5f5f8ab4c83c3b1ff1b7403b7d3a", size = 11280714, upload-time = "2026-04-20T19:28:51.516Z" },
    { url = "https://files.pythonhosted.org/packages/da/9b/c6813987edf4816a40e0c8e408b555f97d3f267c7b3a1688c8bbdf65609c/ty-0.0.32-py3-none-musllinux_1_2_aarch64.whl", hash = "sha256:583c7094f4574b02f724db924f98b804d1387a0bd9405ecb5e078cc0f47fbcfb", size = 10638806, upload-time = "2026-04-20T19:28:29.651Z" },
    { url = "https://files.pythonhosted.org/packages/4e/d4/0cefcbd2ad0f3d51762ccf58e652ec7da146eb6ae34f87228f6254bbb8be/ty-0.0.32-py3-none-musllinux_1_2_armv7l.whl", hash = "sha256:e44ebe1bb4143a5628bc4db67ac0dfebe14594af671e4ee66f6f2e983da56501", size = 10726106, upload-time = "2026-04-20T19:29:06.3Z" },
    { url = "https://files.pythonhosted.org/packages/32/ad/2c8a97f91f06311f4367400f7d13534bbda2522c73c99a3e4c0757dff9b8/ty-0.0.32-py3-none-musllinux_1_2_i686.whl", hash = "sha256:06f17ada3e069cba6148342ef88e9929156beca8473e8d4f101b68f66c75643e", size = 10872951, upload-time = "2026-04-20T19:28:34.077Z" },
    { url = "https://files.pythonhosted.org/packages/ba/68/42293f9248106dd51875120971a5cc6ea315c2c4dcfb8e59aa063aa0af26/ty-0.0.32-py3-none-musllinux_1_2_x86_64.whl", hash = "sha256:e96e60fa556cec04f15d7ea62d2ceee5982bd389233e961ab9fd42304e278175", size = 11363334, upload-time = "2026-04-20T19:28:54.036Z" },
    { url = "https://files.pythonhosted.org/packages/df/92/be9abf4d3e589ad5023e2ea965b93e204ec856420d46adf73c5c36c04678/ty-0.0.32-py3-none-win32.whl", hash = "sha256:2ff2ebb4986b24aebcf1444db7db5ca41b36086040e95eea9f8fb851c11e805c", size = 10260689, upload-time = "2026-04-20T19:28:56.541Z" },
    { url = "https://files.pythonhosted.org/packages/14/61/dc86acea899349d2579cb8419aecedd83dc504d7d6a10df65eef546c8300/ty-0.0.32-py3-none-win_amd64.whl", hash = "sha256:ba7284a4a954b598c1b31500352b3ec1f89bff533825592b5958848226fdc7ee", size = 11255371, upload-time = "2026-04-20T19:28:39.917Z" },
    { url = "https://files.pythonhosted.org/packages/43/01/beffec56d71ca25b343ede63adb076456b5b3e211f1c066452a44cd120b3/ty-0.0.32-py3-none-win_arm64.whl", hash = "sha256:7e10aadbdbda989a7d567ee6a37f8b98d4d542e31e3b190a2879fd581f75d658", size = 10658087, upload-time = "2026-04-20T19:28:59.286Z" },
]

[[package]]
name = "type-statement-alias"
version = "0.1"
source = { editable = "." }

[package.dev-dependencies]
dev = [
    { name = "mypy" },
    { name = "pyrefly" },
    { name = "pyright" },
    { name = "ty" },
]

[package.metadata]

[package.metadata.requires-dev]
dev = [
    { name = "mypy", specifier = ">=1.19.1" },
    { name = "pyrefly", specifier = ">=0.50.1" },
    { name = "pyright", specifier = ">=1.1.400" },
    { name = "ty", specifier = ">=0.0.7" },
]

[[package]]
name = "typing-extensions"
version = "4.15.0"
source = { registry = "https://pypi.org/simple" }
sdist = { url = "https://files.pythonhosted.org/packages/72/94/1a15dd82efb362ac84269196e94cf00f187f7ed21c242792a923cdb1c61f/typing_extensions-4.15.0.tar.gz", hash = "sha256:0cea48d173cc12fa28ecabc3b837ea3cf6f38c6d1136f85cbaaf598984861466", size = 109391, upload-time = "2025-08-25T13:49:26.313Z" }
wheels = [
    { url = "https://files.pythonhosted.org/packages/18/67/36e9267722cc04a6b9f15c7f3441c2363321a3ea07da7ae0c0707beb2a9c/typing_extensions-4.15.0-py3-none-any.whl", hash = "sha256:f0fa19c6845758ab08074a0cfa8b7aecb71c999ca73d62883bc25cc018c4e548", size = 44614, upload-time = "2025-08-25T13:49:24.86Z" },
]
